// !$*UTF8*$!
{
	archiveVersion = 1;
	classes = {
	};
	objectVersion = 56;
	objects = {

/* Begin PBXBuildFile section */
		B029DE702BF2010B006EC711 /* AppDelegate.swift in Sources */ = {isa = PBXBuildFile; fileRef = B029DE6F2BF2010B006EC711 /* AppDelegate.swift */; };
		B029DE722BF2010B006EC711 /* SceneDelegate.swift in Sources */ = {isa = PBXBuildFile; fileRef = B029DE712BF2010B006EC711 /* SceneDelegate.swift */; };
		B029DE792BF2010D006EC711 /* Assets.xcassets in Resources */ = {isa = PBXBuildFile; fileRef = B029DE782BF2010D006EC711 /* Assets.xcassets */; };
		B029DE7C2BF2010D006EC711 /* LaunchScreen.storyboard in Resources */ = {isa = PBXBuildFile; fileRef = B029DE7A2BF2010D006EC711 /* LaunchScreen.storyboard */; };
		B029DE872BF2010E006EC711 /* MovieAppTests.swift in Sources */ = {isa = PBXBuildFile; fileRef = B029DE862BF2010E006EC711 /* MovieAppTests.swift */; };
		B029DE912BF2010E006EC711 /* MovieAppUITests.swift in Sources */ = {isa = PBXBuildFile; fileRef = B029DE902BF2010E006EC711 /* MovieAppUITests.swift */; };
		B029DE932BF2010E006EC711 /* MovieAppUITestsLaunchTests.swift in Sources */ = {isa = PBXBuildFile; fileRef = B029DE922BF2010E006EC711 /* MovieAppUITestsLaunchTests.swift */; };
		B029DEA02BF218B0006EC711 /* TabBarController.swift in Sources */ = {isa = PBXBuildFile; fileRef = B029DE9F2BF218B0006EC711 /* TabBarController.swift */; };
		B029DEA72BF21AB7006EC711 /* SearchViewController.swift in Sources */ = {isa = PBXBuildFile; fileRef = B029DEA52BF21AB7006EC711 /* SearchViewController.swift */; };
		B029DEA82BF21AB7006EC711 /* SearchViewController.xib in Resources */ = {isa = PBXBuildFile; fileRef = B029DEA62BF21AB7006EC711 /* SearchViewController.xib */; };
		B029DEAB2BF21AF1006EC711 /* HomeViewController.swift in Sources */ = {isa = PBXBuildFile; fileRef = B029DEA92BF21AF1006EC711 /* HomeViewController.swift */; };
		B029DEAC2BF21AF1006EC711 /* HomeViewController.xib in Resources */ = {isa = PBXBuildFile; fileRef = B029DEAA2BF21AF1006EC711 /* HomeViewController.xib */; };
		B029DEB02BF21BD3006EC711 /* ProfileViewController.swift in Sources */ = {isa = PBXBuildFile; fileRef = B029DEAE2BF21BD3006EC711 /* ProfileViewController.swift */; };
		B029DEB12BF21BD3006EC711 /* ProfileViewController.xib in Resources */ = {isa = PBXBuildFile; fileRef = B029DEAF2BF21BD3006EC711 /* ProfileViewController.xib */; };
		B08BC8592BF505BA009CFD49 /* NetworkBase.swift in Sources */ = {isa = PBXBuildFile; fileRef = B08BC8582BF505BA009CFD49 /* NetworkBase.swift */; };
		B08BC85B2BF50637009CFD49 /* NetworkService.swift in Sources */ = {isa = PBXBuildFile; fileRef = B08BC85A2BF50637009CFD49 /* NetworkService.swift */; };
		B08BC85D2BF507BB009CFD49 /* Constants.swift in Sources */ = {isa = PBXBuildFile; fileRef = B08BC85C2BF507BB009CFD49 /* Constants.swift */; };
		B08BC85F2BF508CA009CFD49 /* NetworkRequest.swift in Sources */ = {isa = PBXBuildFile; fileRef = B08BC85E2BF508CA009CFD49 /* NetworkRequest.swift */; };
		B08BC8622BF50D20009CFD49 /* Movie.swift in Sources */ = {isa = PBXBuildFile; fileRef = B08BC8612BF50D20009CFD49 /* Movie.swift */; };
		B08BC8652BF51552009CFD49 /* MovieRequest.swift in Sources */ = {isa = PBXBuildFile; fileRef = B08BC8642BF51552009CFD49 /* MovieRequest.swift */; };
		B08BC86E2BF533FC009CFD49 /* ImageView+Extension.swift in Sources */ = {isa = PBXBuildFile; fileRef = B08BC86D2BF533FC009CFD49 /* ImageView+Extension.swift */; };
		B08BC8712BF5FBCE009CFD49 /* HomeViewModel.swift in Sources */ = {isa = PBXBuildFile; fileRef = B08BC8702BF5FBCE009CFD49 /* HomeViewModel.swift */; };
		B08BC8732BF5FBFA009CFD49 /* Common.swift in Sources */ = {isa = PBXBuildFile; fileRef = B08BC8722BF5FBFA009CFD49 /* Common.swift */; };
		B08BC8752BF6211A009CFD49 /* MovieSearch.swift in Sources */ = {isa = PBXBuildFile; fileRef = B08BC8742BF6211A009CFD49 /* MovieSearch.swift */; };
		B08BC8782BF665D6009CFD49 /* MovieCell.swift in Sources */ = {isa = PBXBuildFile; fileRef = B08BC8762BF665D6009CFD49 /* MovieCell.swift */; };
		B08BC8792BF665D6009CFD49 /* MovieCell.xib in Resources */ = {isa = PBXBuildFile; fileRef = B08BC8772BF665D6009CFD49 /* MovieCell.xib */; };
		B08BC87B2BF785C2009CFD49 /* SearchViewModel.swift in Sources */ = {isa = PBXBuildFile; fileRef = B08BC87A2BF785C2009CFD49 /* SearchViewModel.swift */; };
		B08BC8812BF7C1BE009CFD49 /* MovieDetailsViewController.swift in Sources */ = {isa = PBXBuildFile; fileRef = B08BC87F2BF7C1BE009CFD49 /* MovieDetailsViewController.swift */; };
		B08BC8822BF7C1BE009CFD49 /* MovieDetailsViewController.xib in Resources */ = {isa = PBXBuildFile; fileRef = B08BC8802BF7C1BE009CFD49 /* MovieDetailsViewController.xib */; };
		B08BC8842BF8EC54009CFD49 /* MovieDetailsViewModel.swift in Sources */ = {isa = PBXBuildFile; fileRef = B08BC8832BF8EC54009CFD49 /* MovieDetailsViewModel.swift */; };
		B08BC8872BFB5FB9009CFD49 /* UserLocalStorage.swift in Sources */ = {isa = PBXBuildFile; fileRef = B08BC8862BFB5FB8009CFD49 /* UserLocalStorage.swift */; };
		B08BC8892BFB5FFA009CFD49 /* UserLocalStorageService.swift in Sources */ = {isa = PBXBuildFile; fileRef = B08BC8882BFB5FFA009CFD49 /* UserLocalStorageService.swift */; };
		B08BC88B2BFB90A7009CFD49 /* ProfileViewModel.swift in Sources */ = {isa = PBXBuildFile; fileRef = B08BC88A2BFB90A7009CFD49 /* ProfileViewModel.swift */; };
		B08BC88F2BFBB0CA009CFD49 /* MovieListViewController.swift in Sources */ = {isa = PBXBuildFile; fileRef = B08BC88D2BFBB0CA009CFD49 /* MovieListViewController.swift */; };
		B08BC8902BFBB0CA009CFD49 /* MovieListViewController.xib in Resources */ = {isa = PBXBuildFile; fileRef = B08BC88E2BFBB0CA009CFD49 /* MovieListViewController.xib */; };
		B08BC8932BFBB1A9009CFD49 /* MovieCollectionViewCell.swift in Sources */ = {isa = PBXBuildFile; fileRef = B08BC8912BFBB1A9009CFD49 /* MovieCollectionViewCell.swift */; };
		B08BC8942BFBB1A9009CFD49 /* MovieCollectionViewCell.xib in Resources */ = {isa = PBXBuildFile; fileRef = B08BC8922BFBB1A9009CFD49 /* MovieCollectionViewCell.xib */; };
		B08BC8962BFBD2D5009CFD49 /* UIViewController+Extension.swift in Sources */ = {isa = PBXBuildFile; fileRef = B08BC8952BFBD2D5009CFD49 /* UIViewController+Extension.swift */; };
/* End PBXBuildFile section */

/* Begin PBXContainerItemProxy section */
		B029DE832BF2010D006EC711 /* PBXContainerItemProxy */ = {
			isa = PBXContainerItemProxy;
			containerPortal = B029DE642BF2010B006EC711 /* Project object */;
			proxyType = 1;
			remoteGlobalIDString = B029DE6B2BF2010B006EC711;
			remoteInfo = MovieApp;
		};
		B029DE8D2BF2010E006EC711 /* PBXContainerItemProxy */ = {
			isa = PBXContainerItemProxy;
			containerPortal = B029DE642BF2010B006EC711 /* Project object */;
			proxyType = 1;
			remoteGlobalIDString = B029DE6B2BF2010B006EC711;
			remoteInfo = MovieApp;
		};
/* End PBXContainerItemProxy section */

/* Begin PBXFileReference section */
		B029DE6C2BF2010B006EC711 /* MovieApp.app */ = {isa = PBXFileReference; explicitFileType = wrapper.application; includeInIndex = 0; path = MovieApp.app; sourceTree = BUILT_PRODUCTS_DIR; };
		B029DE6F2BF2010B006EC711 /* AppDelegate.swift */ = {isa = PBXFileReference; lastKnownFileType = sourcecode.swift; path = AppDelegate.swift; sourceTree = "<group>"; };
		B029DE712BF2010B006EC711 /* SceneDelegate.swift */ = {isa = PBXFileReference; lastKnownFileType = sourcecode.swift; path = SceneDelegate.swift; sourceTree = "<group>"; };
		B029DE782BF2010D006EC711 /* Assets.xcassets */ = {isa = PBXFileReference; lastKnownFileType = folder.assetcatalog; path = Assets.xcassets; sourceTree = "<group>"; };
		B029DE7B2BF2010D006EC711 /* Base */ = {isa = PBXFileReference; lastKnownFileType = file.storyboard; name = Base; path = Base.lproj/LaunchScreen.storyboard; sourceTree = "<group>"; };
		B029DE7D2BF2010D006EC711 /* Info.plist */ = {isa = PBXFileReference; lastKnownFileType = text.plist.xml; path = Info.plist; sourceTree = "<group>"; };
		B029DE822BF2010D006EC711 /* MovieAppTests.xctest */ = {isa = PBXFileReference; explicitFileType = wrapper.cfbundle; includeInIndex = 0; path = MovieAppTests.xctest; sourceTree = BUILT_PRODUCTS_DIR; };
		B029DE862BF2010E006EC711 /* MovieAppTests.swift */ = {isa = PBXFileReference; lastKnownFileType = sourcecode.swift; path = MovieAppTests.swift; sourceTree = "<group>"; };
		B029DE8C2BF2010E006EC711 /* MovieAppUITests.xctest */ = {isa = PBXFileReference; explicitFileType = wrapper.cfbundle; includeInIndex = 0; path = MovieAppUITests.xctest; sourceTree = BUILT_PRODUCTS_DIR; };
		B029DE902BF2010E006EC711 /* MovieAppUITests.swift */ = {isa = PBXFileReference; lastKnownFileType = sourcecode.swift; path = MovieAppUITests.swift; sourceTree = "<group>"; };
		B029DE922BF2010E006EC711 /* MovieAppUITestsLaunchTests.swift */ = {isa = PBXFileReference; lastKnownFileType = sourcecode.swift; path = MovieAppUITestsLaunchTests.swift; sourceTree = "<group>"; };
		B029DE9F2BF218B0006EC711 /* TabBarController.swift */ = {isa = PBXFileReference; lastKnownFileType = sourcecode.swift; path = TabBarController.swift; sourceTree = "<group>"; };
		B029DEA52BF21AB7006EC711 /* SearchViewController.swift */ = {isa = PBXFileReference; lastKnownFileType = sourcecode.swift; path = SearchViewController.swift; sourceTree = "<group>"; };
		B029DEA62BF21AB7006EC711 /* SearchViewController.xib */ = {isa = PBXFileReference; lastKnownFileType = file.xib; path = SearchViewController.xib; sourceTree = "<group>"; };
		B029DEA92BF21AF1006EC711 /* HomeViewController.swift */ = {isa = PBXFileReference; lastKnownFileType = sourcecode.swift; path = HomeViewController.swift; sourceTree = "<group>"; };
		B029DEAA2BF21AF1006EC711 /* HomeViewController.xib */ = {isa = PBXFileReference; lastKnownFileType = file.xib; path = HomeViewController.xib; sourceTree = "<group>"; };
		B029DEAE2BF21BD3006EC711 /* ProfileViewController.swift */ = {isa = PBXFileReference; lastKnownFileType = sourcecode.swift; path = ProfileViewController.swift; sourceTree = "<group>"; };
		B029DEAF2BF21BD3006EC711 /* ProfileViewController.xib */ = {isa = PBXFileReference; lastKnownFileType = file.xib; path = ProfileViewController.xib; sourceTree = "<group>"; };
		B08BC8582BF505BA009CFD49 /* NetworkBase.swift */ = {isa = PBXFileReference; lastKnownFileType = sourcecode.swift; path = NetworkBase.swift; sourceTree = "<group>"; };
		B08BC85A2BF50637009CFD49 /* NetworkService.swift */ = {isa = PBXFileReference; lastKnownFileType = sourcecode.swift; path = NetworkService.swift; sourceTree = "<group>"; };
		B08BC85C2BF507BB009CFD49 /* Constants.swift */ = {isa = PBXFileReference; lastKnownFileType = sourcecode.swift; path = Constants.swift; sourceTree = "<group>"; };
		B08BC85E2BF508CA009CFD49 /* NetworkRequest.swift */ = {isa = PBXFileReference; lastKnownFileType = sourcecode.swift; path = NetworkRequest.swift; sourceTree = "<group>"; };
		B08BC8612BF50D20009CFD49 /* Movie.swift */ = {isa = PBXFileReference; lastKnownFileType = sourcecode.swift; path = Movie.swift; sourceTree = "<group>"; };
		B08BC8642BF51552009CFD49 /* MovieRequest.swift */ = {isa = PBXFileReference; lastKnownFileType = sourcecode.swift; path = MovieRequest.swift; sourceTree = "<group>"; };
		B08BC86D2BF533FC009CFD49 /* ImageView+Extension.swift */ = {isa = PBXFileReference; lastKnownFileType = sourcecode.swift; path = "ImageView+Extension.swift"; sourceTree = "<group>"; };
		B08BC8702BF5FBCE009CFD49 /* HomeViewModel.swift */ = {isa = PBXFileReference; lastKnownFileType = sourcecode.swift; path = HomeViewModel.swift; sourceTree = "<group>"; };
		B08BC8722BF5FBFA009CFD49 /* Common.swift */ = {isa = PBXFileReference; lastKnownFileType = sourcecode.swift; path = Common.swift; sourceTree = "<group>"; };
		B08BC8742BF6211A009CFD49 /* MovieSearch.swift */ = {isa = PBXFileReference; lastKnownFileType = sourcecode.swift; path = MovieSearch.swift; sourceTree = "<group>"; };
		B08BC8762BF665D6009CFD49 /* MovieCell.swift */ = {isa = PBXFileReference; lastKnownFileType = sourcecode.swift; path = MovieCell.swift; sourceTree = "<group>"; };
		B08BC8772BF665D6009CFD49 /* MovieCell.xib */ = {isa = PBXFileReference; lastKnownFileType = file.xib; path = MovieCell.xib; sourceTree = "<group>"; };
		B08BC87A2BF785C2009CFD49 /* SearchViewModel.swift */ = {isa = PBXFileReference; lastKnownFileType = sourcecode.swift; path = SearchViewModel.swift; sourceTree = "<group>"; };
		B08BC87F2BF7C1BE009CFD49 /* MovieDetailsViewController.swift */ = {isa = PBXFileReference; lastKnownFileType = sourcecode.swift; path = MovieDetailsViewController.swift; sourceTree = "<group>"; };
		B08BC8802BF7C1BE009CFD49 /* MovieDetailsViewController.xib */ = {isa = PBXFileReference; lastKnownFileType = file.xib; path = MovieDetailsViewController.xib; sourceTree = "<group>"; };
		B08BC8832BF8EC54009CFD49 /* MovieDetailsViewModel.swift */ = {isa = PBXFileReference; lastKnownFileType = sourcecode.swift; path = MovieDetailsViewModel.swift; sourceTree = "<group>"; };
		B08BC8862BFB5FB8009CFD49 /* UserLocalStorage.swift */ = {isa = PBXFileReference; lastKnownFileType = sourcecode.swift; path = UserLocalStorage.swift; sourceTree = "<group>"; };
		B08BC8882BFB5FFA009CFD49 /* UserLocalStorageService.swift */ = {isa = PBXFileReference; lastKnownFileType = sourcecode.swift; path = UserLocalStorageService.swift; sourceTree = "<group>"; };
		B08BC88A2BFB90A7009CFD49 /* ProfileViewModel.swift */ = {isa = PBXFileReference; lastKnownFileType = sourcecode.swift; path = ProfileViewModel.swift; sourceTree = "<group>"; };
		B08BC88D2BFBB0CA009CFD49 /* MovieListViewController.swift */ = {isa = PBXFileReference; lastKnownFileType = sourcecode.swift; path = MovieListViewController.swift; sourceTree = "<group>"; };
		B08BC88E2BFBB0CA009CFD49 /* MovieListViewController.xib */ = {isa = PBXFileReference; lastKnownFileType = file.xib; path = MovieListViewController.xib; sourceTree = "<group>"; };
		B08BC8912BFBB1A9009CFD49 /* MovieCollectionViewCell.swift */ = {isa = PBXFileReference; lastKnownFileType = sourcecode.swift; path = MovieCollectionViewCell.swift; sourceTree = "<group>"; };
		B08BC8922BFBB1A9009CFD49 /* MovieCollectionViewCell.xib */ = {isa = PBXFileReference; lastKnownFileType = file.xib; path = MovieCollectionViewCell.xib; sourceTree = "<group>"; };
		B08BC8952BFBD2D5009CFD49 /* UIViewController+Extension.swift */ = {isa = PBXFileReference; lastKnownFileType = sourcecode.swift; path = "UIViewController+Extension.swift"; sourceTree = "<group>"; };
/* End PBXFileReference section */

/* Begin PBXFrameworksBuildPhase section */
		B029DE692BF2010B006EC711 /* Frameworks */ = {
			isa = PBXFrameworksBuildPhase;
			buildActionMask = 2147483647;
			files = (
			);
			runOnlyForDeploymentPostprocessing = 0;
		};
		B029DE7F2BF2010D006EC711 /* Frameworks */ = {
			isa = PBXFrameworksBuildPhase;
			buildActionMask = 2147483647;
			files = (
			);
			runOnlyForDeploymentPostprocessing = 0;
		};
		B029DE892BF2010E006EC711 /* Frameworks */ = {
			isa = PBXFrameworksBuildPhase;
			buildActionMask = 2147483647;
			files = (
			);
			runOnlyForDeploymentPostprocessing = 0;
		};
/* End PBXFrameworksBuildPhase section */

/* Begin PBXGroup section */
		B029DE632BF2010B006EC711 = {
			isa = PBXGroup;
			children = (
				B029DE6E2BF2010B006EC711 /* MovieApp */,
				B029DE852BF2010E006EC711 /* MovieAppTests */,
				B029DE8F2BF2010E006EC711 /* MovieAppUITests */,
				B029DE6D2BF2010B006EC711 /* Products */,
			);
			sourceTree = "<group>";
		};
		B029DE6D2BF2010B006EC711 /* Products */ = {
			isa = PBXGroup;
			children = (
				B029DE6C2BF2010B006EC711 /* MovieApp.app */,
				B029DE822BF2010D006EC711 /* MovieAppTests.xctest */,
				B029DE8C2BF2010E006EC711 /* MovieAppUITests.xctest */,
			);
			name = Products;
			sourceTree = "<group>";
		};
		B029DE6E2BF2010B006EC711 /* MovieApp */ = {
			isa = PBXGroup;
			children = (
				B08BC86F2BF5FB95009CFD49 /* ViewModels */,
				B08BC86C2BF533ED009CFD49 /* Extensions */,
				B08BC8602BF50D16009CFD49 /* Models */,
				B029DEB22BF22C83006EC711 /* Services */,
				B029DEA22BF219F3006EC711 /* Resources */,
				B029DEA12BF219CC006EC711 /* Controllers */,
				B029DE9F2BF218B0006EC711 /* TabBarController.swift */,
			);
			path = MovieApp;
			sourceTree = "<group>";
		};
		B029DE852BF2010E006EC711 /* MovieAppTests */ = {
			isa = PBXGroup;
			children = (
				B029DE862BF2010E006EC711 /* MovieAppTests.swift */,
			);
			path = MovieAppTests;
			sourceTree = "<group>";
		};
		B029DE8F2BF2010E006EC711 /* MovieAppUITests */ = {
			isa = PBXGroup;
			children = (
				B029DE902BF2010E006EC711 /* MovieAppUITests.swift */,
				B029DE922BF2010E006EC711 /* MovieAppUITestsLaunchTests.swift */,
			);
			path = MovieAppUITests;
			sourceTree = "<group>";
		};
		B029DEA12BF219CC006EC711 /* Controllers */ = {
			isa = PBXGroup;
			children = (
				B08BC87E2BF7C19D009CFD49 /* Details */,
				B08BC8672BF52FD0009CFD49 /* Cells */,
				B029DEAD2BF21BC0006EC711 /* Profile */,
				B029DEA42BF21A4A006EC711 /* Search */,
				B029DEA32BF21A3D006EC711 /* Home */,
			);
			path = Controllers;
			sourceTree = "<group>";
		};
		B029DEA22BF219F3006EC711 /* Resources */ = {
			isa = PBXGroup;
			children = (
				B029DE6F2BF2010B006EC711 /* AppDelegate.swift */,
				B029DE712BF2010B006EC711 /* SceneDelegate.swift */,
				B029DE782BF2010D006EC711 /* Assets.xcassets */,
				B029DE7A2BF2010D006EC711 /* LaunchScreen.storyboard */,
				B029DE7D2BF2010D006EC711 /* Info.plist */,
				B08BC85C2BF507BB009CFD49 /* Constants.swift */,
			);
			path = Resources;
			sourceTree = "<group>";
		};
		B029DEA32BF21A3D006EC711 /* Home */ = {
			isa = PBXGroup;
			children = (
				B029DEA92BF21AF1006EC711 /* HomeViewController.swift */,
				B029DEAA2BF21AF1006EC711 /* HomeViewController.xib */,
			);
			path = Home;
			sourceTree = "<group>";
		};
		B029DEA42BF21A4A006EC711 /* Search */ = {
			isa = PBXGroup;
			children = (
				B029DEA52BF21AB7006EC711 /* SearchViewController.swift */,
				B029DEA62BF21AB7006EC711 /* SearchViewController.xib */,
			);
			path = Search;
			sourceTree = "<group>";
		};
		B029DEAD2BF21BC0006EC711 /* Profile */ = {
			isa = PBXGroup;
			children = (
				B029DEAE2BF21BD3006EC711 /* ProfileViewController.swift */,
				B029DEAF2BF21BD3006EC711 /* ProfileViewController.xib */,
				B08BC88D2BFBB0CA009CFD49 /* MovieListViewController.swift */,
				B08BC88E2BFBB0CA009CFD49 /* MovieListViewController.xib */,
			);
			path = Profile;
			sourceTree = "<group>";
		};
		B029DEB22BF22C83006EC711 /* Services */ = {
			isa = PBXGroup;
			children = (
				B08BC8852BFB5F86009CFD49 /* LocalStorage */,
				B08BC8572BF5059E009CFD49 /* Networking */,
			);
			path = Services;
			sourceTree = "<group>";
		};
		B08BC8572BF5059E009CFD49 /* Networking */ = {
			isa = PBXGroup;
			children = (
				B08BC8662BF515AE009CFD49 /* Requests */,
				B08BC8582BF505BA009CFD49 /* NetworkBase.swift */,
				B08BC85A2BF50637009CFD49 /* NetworkService.swift */,
				B08BC85E2BF508CA009CFD49 /* NetworkRequest.swift */,
			);
			path = Networking;
			sourceTree = "<group>";
		};
		B08BC8602BF50D16009CFD49 /* Models */ = {
			isa = PBXGroup;
			children = (
				B08BC8612BF50D20009CFD49 /* Movie.swift */,
				B08BC8742BF6211A009CFD49 /* MovieSearch.swift */,
			);
			path = Models;
			sourceTree = "<group>";
		};
		B08BC8662BF515AE009CFD49 /* Requests */ = {
			isa = PBXGroup;
			children = (
				B08BC8642BF51552009CFD49 /* MovieRequest.swift */,
			);
			path = Requests;
			sourceTree = "<group>";
		};
		B08BC8672BF52FD0009CFD49 /* Cells */ = {
			isa = PBXGroup;
			children = (
				B08BC8762BF665D6009CFD49 /* MovieCell.swift */,
				B08BC8772BF665D6009CFD49 /* MovieCell.xib */,
				B08BC8912BFBB1A9009CFD49 /* MovieCollectionViewCell.swift */,
				B08BC8922BFBB1A9009CFD49 /* MovieCollectionViewCell.xib */,
			);
			path = Cells;
			sourceTree = "<group>";
		};
		B08BC86C2BF533ED009CFD49 /* Extensions */ = {
			isa = PBXGroup;
			children = (
				B08BC86D2BF533FC009CFD49 /* ImageView+Extension.swift */,
				B08BC8952BFBD2D5009CFD49 /* UIViewController+Extension.swift */,
			);
			path = Extensions;
			sourceTree = "<group>";
		};
		B08BC86F2BF5FB95009CFD49 /* ViewModels */ = {
			isa = PBXGroup;
			children = (
				B08BC8702BF5FBCE009CFD49 /* HomeViewModel.swift */,
				B08BC8722BF5FBFA009CFD49 /* Common.swift */,
				B08BC87A2BF785C2009CFD49 /* SearchViewModel.swift */,
				B08BC8832BF8EC54009CFD49 /* MovieDetailsViewModel.swift */,
				B08BC88A2BFB90A7009CFD49 /* ProfileViewModel.swift */,
			);
			path = ViewModels;
			sourceTree = "<group>";
		};
		B08BC87E2BF7C19D009CFD49 /* Details */ = {
			isa = PBXGroup;
			children = (
				B08BC87F2BF7C1BE009CFD49 /* MovieDetailsViewController.swift */,
				B08BC8802BF7C1BE009CFD49 /* MovieDetailsViewController.xib */,
			);
			path = Details;
			sourceTree = "<group>";
		};
		B08BC8852BFB5F86009CFD49 /* LocalStorage */ = {
			isa = PBXGroup;
			children = (
				B08BC8862BFB5FB8009CFD49 /* UserLocalStorage.swift */,
				B08BC8882BFB5FFA009CFD49 /* UserLocalStorageService.swift */,
			);
			path = LocalStorage;
			sourceTree = "<group>";
		};
/* End PBXGroup section */

/* Begin PBXNativeTarget section */
		B029DE6B2BF2010B006EC711 /* MovieApp */ = {
			isa = PBXNativeTarget;
			buildConfigurationList = B029DE962BF2010E006EC711 /* Build configuration list for PBXNativeTarget "MovieApp" */;
			buildPhases = (
				B029DE682BF2010B006EC711 /* Sources */,
				B029DE692BF2010B006EC711 /* Frameworks */,
				B029DE6A2BF2010B006EC711 /* Resources */,
			);
			buildRules = (
			);
			dependencies = (
			);
			name = MovieApp;
			productName = MovieApp;
			productReference = B029DE6C2BF2010B006EC711 /* MovieApp.app */;
			productType = "com.apple.product-type.application";
		};
		B029DE812BF2010D006EC711 /* MovieAppTests */ = {
			isa = PBXNativeTarget;
			buildConfigurationList = B029DE992BF2010E006EC711 /* Build configuration list for PBXNativeTarget "MovieAppTests" */;
			buildPhases = (
				B029DE7E2BF2010D006EC711 /* Sources */,
				B029DE7F2BF2010D006EC711 /* Frameworks */,
				B029DE802BF2010D006EC711 /* Resources */,
			);
			buildRules = (
			);
			dependencies = (
				B029DE842BF2010D006EC711 /* PBXTargetDependency */,
			);
			name = MovieAppTests;
			productName = MovieAppTests;
			productReference = B029DE822BF2010D006EC711 /* MovieAppTests.xctest */;
			productType = "com.apple.product-type.bundle.unit-test";
		};
		B029DE8B2BF2010E006EC711 /* MovieAppUITests */ = {
			isa = PBXNativeTarget;
			buildConfigurationList = B029DE9C2BF2010E006EC711 /* Build configuration list for PBXNativeTarget "MovieAppUITests" */;
			buildPhases = (
				B029DE882BF2010E006EC711 /* Sources */,
				B029DE892BF2010E006EC711 /* Frameworks */,
				B029DE8A2BF2010E006EC711 /* Resources */,
			);
			buildRules = (
			);
			dependencies = (
				B029DE8E2BF2010E006EC711 /* PBXTargetDependency */,
			);
			name = MovieAppUITests;
			productName = MovieAppUITests;
			productReference = B029DE8C2BF2010E006EC711 /* MovieAppUITests.xctest */;
			productType = "com.apple.product-type.bundle.ui-testing";
		};
/* End PBXNativeTarget section */

/* Begin PBXProject section */
		B029DE642BF2010B006EC711 /* Project object */ = {
			isa = PBXProject;
			attributes = {
				BuildIndependentTargetsInParallel = 1;
				LastSwiftUpdateCheck = 1500;
				LastUpgradeCheck = 1500;
				TargetAttributes = {
					B029DE6B2BF2010B006EC711 = {
						CreatedOnToolsVersion = 15.0.1;
					};
					B029DE812BF2010D006EC711 = {
						CreatedOnToolsVersion = 15.0.1;
						TestTargetID = B029DE6B2BF2010B006EC711;
					};
					B029DE8B2BF2010E006EC711 = {
						CreatedOnToolsVersion = 15.0.1;
						TestTargetID = B029DE6B2BF2010B006EC711;
					};
				};
			};
			buildConfigurationList = B029DE672BF2010B006EC711 /* Build configuration list for PBXProject "MovieApp" */;
			compatibilityVersion = "Xcode 14.0";
			developmentRegion = en;
			hasScannedForEncodings = 0;
			knownRegions = (
				en,
				Base,
			);
			mainGroup = B029DE632BF2010B006EC711;
			productRefGroup = B029DE6D2BF2010B006EC711 /* Products */;
			projectDirPath = "";
			projectRoot = "";
			targets = (
				B029DE6B2BF2010B006EC711 /* MovieApp */,
				B029DE812BF2010D006EC711 /* MovieAppTests */,
				B029DE8B2BF2010E006EC711 /* MovieAppUITests */,
			);
		};
/* End PBXProject section */

/* Begin PBXResourcesBuildPhase section */
		B029DE6A2BF2010B006EC711 /* Resources */ = {
			isa = PBXResourcesBuildPhase;
			buildActionMask = 2147483647;
			files = (
				B08BC8792BF665D6009CFD49 /* MovieCell.xib in Resources */,
				B029DE7C2BF2010D006EC711 /* LaunchScreen.storyboard in Resources */,
				B029DE792BF2010D006EC711 /* Assets.xcassets in Resources */,
				B029DEA82BF21AB7006EC711 /* SearchViewController.xib in Resources */,
				B08BC8822BF7C1BE009CFD49 /* MovieDetailsViewController.xib in Resources */,
				B08BC8942BFBB1A9009CFD49 /* MovieCollectionViewCell.xib in Resources */,
				B029DEB12BF21BD3006EC711 /* ProfileViewController.xib in Resources */,
				B029DEAC2BF21AF1006EC711 /* HomeViewController.xib in Resources */,
				B08BC8902BFBB0CA009CFD49 /* MovieListViewController.xib in Resources */,
			);
			runOnlyForDeploymentPostprocessing = 0;
		};
		B029DE802BF2010D006EC711 /* Resources */ = {
			isa = PBXResourcesBuildPhase;
			buildActionMask = 2147483647;
			files = (
			);
			runOnlyForDeploymentPostprocessing = 0;
		};
		B029DE8A2BF2010E006EC711 /* Resources */ = {
			isa = PBXResourcesBuildPhase;
			buildActionMask = 2147483647;
			files = (
			);
			runOnlyForDeploymentPostprocessing = 0;
		};
/* End PBXResourcesBuildPhase section */

/* Begin PBXSourcesBuildPhase section */
		B029DE682BF2010B006EC711 /* Sources */ = {
			isa = PBXSourcesBuildPhase;
			buildActionMask = 2147483647;
			files = (
				B08BC8842BF8EC54009CFD49 /* MovieDetailsViewModel.swift in Sources */,
				B08BC8732BF5FBFA009CFD49 /* Common.swift in Sources */,
				B08BC8782BF665D6009CFD49 /* MovieCell.swift in Sources */,
				B08BC88F2BFBB0CA009CFD49 /* MovieListViewController.swift in Sources */,
				B08BC8812BF7C1BE009CFD49 /* MovieDetailsViewController.swift in Sources */,
				B029DEB02BF21BD3006EC711 /* ProfileViewController.swift in Sources */,
				B029DEAB2BF21AF1006EC711 /* HomeViewController.swift in Sources */,
				B08BC8752BF6211A009CFD49 /* MovieSearch.swift in Sources */,
				B08BC8652BF51552009CFD49 /* MovieRequest.swift in Sources */,
				B08BC87B2BF785C2009CFD49 /* SearchViewModel.swift in Sources */,
				B08BC85B2BF50637009CFD49 /* NetworkService.swift in Sources */,
				B029DEA72BF21AB7006EC711 /* SearchViewController.swift in Sources */,
				B029DEA02BF218B0006EC711 /* TabBarController.swift in Sources */,
				B029DE702BF2010B006EC711 /* AppDelegate.swift in Sources */,
				B08BC8962BFBD2D5009CFD49 /* UIViewController+Extension.swift in Sources */,
				B08BC8872BFB5FB9009CFD49 /* UserLocalStorage.swift in Sources */,
				B08BC8592BF505BA009CFD49 /* NetworkBase.swift in Sources */,
				B08BC88B2BFB90A7009CFD49 /* ProfileViewModel.swift in Sources */,
				B08BC8932BFBB1A9009CFD49 /* MovieCollectionViewCell.swift in Sources */,
				B08BC85F2BF508CA009CFD49 /* NetworkRequest.swift in Sources */,
				B08BC8892BFB5FFA009CFD49 /* UserLocalStorageService.swift in Sources */,
				B029DE722BF2010B006EC711 /* SceneDelegate.swift in Sources */,
				B08BC8622BF50D20009CFD49 /* Movie.swift in Sources */,
				B08BC86E2BF533FC009CFD49 /* ImageView+Extension.swift in Sources */,
				B08BC8712BF5FBCE009CFD49 /* HomeViewModel.swift in Sources */,
				B08BC85D2BF507BB009CFD49 /* Constants.swift in Sources */,
			);
			runOnlyForDeploymentPostprocessing = 0;
		};
		B029DE7E2BF2010D006EC711 /* Sources */ = {
			isa = PBXSourcesBuildPhase;
			buildActionMask = 2147483647;
			files = (
				B029DE872BF2010E006EC711 /* MovieAppTests.swift in Sources */,
			);
			runOnlyForDeploymentPostprocessing = 0;
		};
		B029DE882BF2010E006EC711 /* Sources */ = {
			isa = PBXSourcesBuildPhase;
			buildActionMask = 2147483647;
			files = (
				B029DE932BF2010E006EC711 /* MovieAppUITestsLaunchTests.swift in Sources */,
				B029DE912BF2010E006EC711 /* MovieAppUITests.swift in Sources */,
			);
			runOnlyForDeploymentPostprocessing = 0;
		};
/* End PBXSourcesBuildPhase section */

/* Begin PBXTargetDependency section */
		B029DE842BF2010D006EC711 /* PBXTargetDependency */ = {
			isa = PBXTargetDependency;
			target = B029DE6B2BF2010B006EC711 /* MovieApp */;
			targetProxy = B029DE832BF2010D006EC711 /* PBXContainerItemProxy */;
		};
		B029DE8E2BF2010E006EC711 /* PBXTargetDependency */ = {
			isa = PBXTargetDependency;
			target = B029DE6B2BF2010B006EC711 /* MovieApp */;
			targetProxy = B029DE8D2BF2010E006EC711 /* PBXContainerItemProxy */;
		};
/* End PBXTargetDependency section */

/* Begin PBXVariantGroup section */
		B029DE7A2BF2010D006EC711 /* LaunchScreen.storyboard */ = {
			isa = PBXVariantGroup;
			children = (
				B029DE7B2BF2010D006EC711 /* Base */,
			);
			name = LaunchScreen.storyboard;
			sourceTree = "<group>";
		};
/* End PBXVariantGroup section */

/* Begin XCBuildConfiguration section */
		B029DE942BF2010E006EC711 /* Debug */ = {
			isa = XCBuildConfiguration;
			buildSettings = {
				ALWAYS_SEARCH_USER_PATHS = NO;
				ASSETCATALOG_COMPILER_GENERATE_SWIFT_ASSET_SYMBOL_EXTENSIONS = YES;
				CLANG_ANALYZER_NONNULL = YES;
				CLANG_ANALYZER_NUMBER_OBJECT_CONVERSION = YES_AGGRESSIVE;
				CLANG_CXX_LANGUAGE_STANDARD = "gnu++20";
				CLANG_ENABLE_MODULES = YES;
				CLANG_ENABLE_OBJC_ARC = YES;
				CLANG_ENABLE_OBJC_WEAK = YES;
				CLANG_WARN_BLOCK_CAPTURE_AUTORELEASING = YES;
				CLANG_WARN_BOOL_CONVERSION = YES;
				CLANG_WARN_COMMA = YES;
				CLANG_WARN_CONSTANT_CONVERSION = YES;
				CLANG_WARN_DEPRECATED_OBJC_IMPLEMENTATIONS = YES;
				CLANG_WARN_DIRECT_OBJC_ISA_USAGE = YES_ERROR;
				CLANG_WARN_DOCUMENTATION_COMMENTS = YES;
				CLANG_WARN_EMPTY_BODY = YES;
				CLANG_WARN_ENUM_CONVERSION = YES;
				CLANG_WARN_INFINITE_RECURSION = YES;
				CLANG_WARN_INT_CONVERSION = YES;
				CLANG_WARN_NON_LITERAL_NULL_CONVERSION = YES;
				CLANG_WARN_OBJC_IMPLICIT_RETAIN_SELF = YES;
				CLANG_WARN_OBJC_LITERAL_CONVERSION = YES;
				CLANG_WARN_OBJC_ROOT_CLASS = YES_ERROR;
				CLANG_WARN_QUOTED_INCLUDE_IN_FRAMEWORK_HEADER = YES;
				CLANG_WARN_RANGE_LOOP_ANALYSIS = YES;
				CLANG_WARN_STRICT_PROTOTYPES = YES;
				CLANG_WARN_SUSPICIOUS_MOVE = YES;
				CLANG_WARN_UNGUARDED_AVAILABILITY = YES_AGGRESSIVE;
				CLANG_WARN_UNREACHABLE_CODE = YES;
				CLANG_WARN__DUPLICATE_METHOD_MATCH = YES;
				COPY_PHASE_STRIP = NO;
				DEBUG_INFORMATION_FORMAT = dwarf;
				ENABLE_STRICT_OBJC_MSGSEND = YES;
				ENABLE_TESTABILITY = YES;
				ENABLE_USER_SCRIPT_SANDBOXING = YES;
				GCC_C_LANGUAGE_STANDARD = gnu17;
				GCC_DYNAMIC_NO_PIC = NO;
				GCC_NO_COMMON_BLOCKS = YES;
				GCC_OPTIMIZATION_LEVEL = 0;
				GCC_PREPROCESSOR_DEFINITIONS = (
					"DEBUG=1",
					"$(inherited)",
				);
				GCC_WARN_64_TO_32_BIT_CONVERSION = YES;
				GCC_WARN_ABOUT_RETURN_TYPE = YES_ERROR;
				GCC_WARN_UNDECLARED_SELECTOR = YES;
				GCC_WARN_UNINITIALIZED_AUTOS = YES_AGGRESSIVE;
				GCC_WARN_UNUSED_FUNCTION = YES;
				GCC_WARN_UNUSED_VARIABLE = YES;
				IPHONEOS_DEPLOYMENT_TARGET = 17.0;
				LOCALIZATION_PREFERS_STRING_CATALOGS = YES;
				MTL_ENABLE_DEBUG_INFO = INCLUDE_SOURCE;
				MTL_FAST_MATH = YES;
				ONLY_ACTIVE_ARCH = YES;
				SDKROOT = iphoneos;
				SWIFT_ACTIVE_COMPILATION_CONDITIONS = "DEBUG $(inherited)";
				SWIFT_OPTIMIZATION_LEVEL = "-Onone";
			};
			name = Debug;
		};
		B029DE952BF2010E006EC711 /* Release */ = {
			isa = XCBuildConfiguration;
			buildSettings = {
				ALWAYS_SEARCH_USER_PATHS = NO;
				ASSETCATALOG_COMPILER_GENERATE_SWIFT_ASSET_SYMBOL_EXTENSIONS = YES;
				CLANG_ANALYZER_NONNULL = YES;
				CLANG_ANALYZER_NUMBER_OBJECT_CONVERSION = YES_AGGRESSIVE;
				CLANG_CXX_LANGUAGE_STANDARD = "gnu++20";
				CLANG_ENABLE_MODULES = YES;
				CLANG_ENABLE_OBJC_ARC = YES;
				CLANG_ENABLE_OBJC_WEAK = YES;
				CLANG_WARN_BLOCK_CAPTURE_AUTORELEASING = YES;
				CLANG_WARN_BOOL_CONVERSION = YES;
				CLANG_WARN_COMMA = YES;
				CLANG_WARN_CONSTANT_CONVERSION = YES;
				CLANG_WARN_DEPRECATED_OBJC_IMPLEMENTATIONS = YES;
				CLANG_WARN_DIRECT_OBJC_ISA_USAGE = YES_ERROR;
				CLANG_WARN_DOCUMENTATION_COMMENTS = YES;
				CLANG_WARN_EMPTY_BODY = YES;
				CLANG_WARN_ENUM_CONVERSION = YES;
				CLANG_WARN_INFINITE_RECURSION = YES;
				CLANG_WARN_INT_CONVERSION = YES;
				CLANG_WARN_NON_LITERAL_NULL_CONVERSION = YES;
				CLANG_WARN_OBJC_IMPLICIT_RETAIN_SELF = YES;
				CLANG_WARN_OBJC_LITERAL_CONVERSION = YES;
				CLANG_WARN_OBJC_ROOT_CLASS = YES_ERROR;
				CLANG_WARN_QUOTED_INCLUDE_IN_FRAMEWORK_HEADER = YES;
				CLANG_WARN_RANGE_LOOP_ANALYSIS = YES;
				CLANG_WARN_STRICT_PROTOTYPES = YES;
				CLANG_WARN_SUSPICIOUS_MOVE = YES;
				CLANG_WARN_UNGUARDED_AVAILABILITY = YES_AGGRESSIVE;
				CLANG_WARN_UNREACHABLE_CODE = YES;
				CLANG_WARN__DUPLICATE_METHOD_MATCH = YES;
				COPY_PHASE_STRIP = NO;
				DEBUG_INFORMATION_FORMAT = "dwarf-with-dsym";
				ENABLE_NS_ASSERTIONS = NO;
				ENABLE_STRICT_OBJC_MSGSEND = YES;
				ENABLE_USER_SCRIPT_SANDBOXING = YES;
				GCC_C_LANGUAGE_STANDARD = gnu17;
				GCC_NO_COMMON_BLOCKS = YES;
				GCC_WARN_64_TO_32_BIT_CONVERSION = YES;
				GCC_WARN_ABOUT_RETURN_TYPE = YES_ERROR;
				GCC_WARN_UNDECLARED_SELECTOR = YES;
				GCC_WARN_UNINITIALIZED_AUTOS = YES_AGGRESSIVE;
				GCC_WARN_UNUSED_FUNCTION = YES;
				GCC_WARN_UNUSED_VARIABLE = YES;
				IPHONEOS_DEPLOYMENT_TARGET = 17.0;
				LOCALIZATION_PREFERS_STRING_CATALOGS = YES;
				MTL_ENABLE_DEBUG_INFO = NO;
				MTL_FAST_MATH = YES;
				SDKROOT = iphoneos;
				SWIFT_COMPILATION_MODE = wholemodule;
				VALIDATE_PRODUCT = YES;
			};
			name = Release;
		};
		B029DE972BF2010E006EC711 /* Debug */ = {
			isa = XCBuildConfiguration;
			buildSettings = {
				ASSETCATALOG_COMPILER_APPICON_NAME = AppIcon;
				ASSETCATALOG_COMPILER_GLOBAL_ACCENT_COLOR_NAME = AccentColor;
				CODE_SIGN_STYLE = Automatic;
				CURRENT_PROJECT_VERSION = 1;
				DEVELOPMENT_TEAM = K2YS54Y629;
				GENERATE_INFOPLIST_FILE = YES;
				INFOPLIST_FILE = MovieApp/Resources/Info.plist;
				INFOPLIST_KEY_UIApplicationSupportsIndirectInputEvents = YES;
				INFOPLIST_KEY_UILaunchStoryboardName = LaunchScreen;
				INFOPLIST_KEY_UIMainStoryboardFile = "";
				INFOPLIST_KEY_UISupportedInterfaceOrientations_iPad = "UIInterfaceOrientationPortrait UIInterfaceOrientationPortraitUpsideDown UIInterfaceOrientationLandscapeLeft UIInterfaceOrientationLandscapeRight";
				INFOPLIST_KEY_UISupportedInterfaceOrientations_iPhone = "UIInterfaceOrientationPortrait UIInterfaceOrientationLandscapeLeft UIInterfaceOrientationLandscapeRight";
				LD_RUNPATH_SEARCH_PATHS = (
					"$(inherited)",
					"@executable_path/Frameworks",
				);
				MARKETING_VERSION = 1.0;
				PRODUCT_BUNDLE_IDENTIFIER = me.MovieApp;
				PRODUCT_NAME = "$(TARGET_NAME)";
				SWIFT_EMIT_LOC_STRINGS = YES;
				SWIFT_VERSION = 5.0;
				TARGETED_DEVICE_FAMILY = "1,2";
			};
			name = Debug;
		};
		B029DE982BF2010E006EC711 /* Release */ = {
			isa = XCBuildConfiguration;
			buildSettings = {
				ASSETCATALOG_COMPILER_APPICON_NAME = AppIcon;
				ASSETCATALOG_COMPILER_GLOBAL_ACCENT_COLOR_NAME = AccentColor;
				CODE_SIGN_STYLE = Automatic;
				CURRENT_PROJECT_VERSION = 1;
				DEVELOPMENT_TEAM = K2YS54Y629;
				GENERATE_INFOPLIST_FILE = YES;
				INFOPLIST_FILE = MovieApp/Resources/Info.plist;
				INFOPLIST_KEY_UIApplicationSupportsIndirectInputEvents = YES;
				INFOPLIST_KEY_UILaunchStoryboardName = LaunchScreen;
				INFOPLIST_KEY_UIMainStoryboardFile = "";
				INFOPLIST_KEY_UISupportedInterfaceOrientations_iPad = "UIInterfaceOrientationPortrait UIInterfaceOrientationPortraitUpsideDown UIInterfaceOrientationLandscapeLeft UIInterfaceOrientationLandscapeRight";
				INFOPLIST_KEY_UISupportedInterfaceOrientations_iPhone = "UIInterfaceOrientationPortrait UIInterfaceOrientationLandscapeLeft UIInterfaceOrientationLandscapeRight";
				LD_RUNPATH_SEARCH_PATHS = (
					"$(inherited)",
					"@executable_path/Frameworks",
				);
				MARKETING_VERSION = 1.0;
				PRODUCT_BUNDLE_IDENTIFIER = me.MovieApp;
				PRODUCT_NAME = "$(TARGET_NAME)";
				SWIFT_EMIT_LOC_STRINGS = YES;
				SWIFT_VERSION = 5.0;
				TARGETED_DEVICE_FAMILY = "1,2";
			};
			name = Release;
		};
		B029DE9A2BF2010E006EC711 /* Debug */ = {
			isa = XCBuildConfiguration;
			buildSettings = {
				ALWAYS_EMBED_SWIFT_STANDARD_LIBRARIES = YES;
				BUNDLE_LOADER = "$(TEST_HOST)";
				CODE_SIGN_STYLE = Automatic;
				CURRENT_PROJECT_VERSION = 1;
				DEVELOPMENT_TEAM = K2YS54Y629;
				GENERATE_INFOPLIST_FILE = YES;
				IPHONEOS_DEPLOYMENT_TARGET = 17.0;
				MARKETING_VERSION = 1.0;
				PRODUCT_BUNDLE_IDENTIFIER = me.MovieAppTests;
				PRODUCT_NAME = "$(TARGET_NAME)";
				SWIFT_EMIT_LOC_STRINGS = NO;
				SWIFT_VERSION = 5.0;
				TARGETED_DEVICE_FAMILY = "1,2";
				TEST_HOST = "$(BUILT_PRODUCTS_DIR)/MovieApp.app/$(BUNDLE_EXECUTABLE_FOLDER_PATH)/MovieApp";
			};
			name = Debug;
		};
		B029DE9B2BF2010E006EC711 /* Release */ = {
			isa = XCBuildConfiguration;
			buildSettings = {
				ALWAYS_EMBED_SWIFT_STANDARD_LIBRARIES = YES;
				BUNDLE_LOADER = "$(TEST_HOST)";
				CODE_SIGN_STYLE = Automatic;
				CURRENT_PROJECT_VERSION = 1;
				DEVELOPMENT_TEAM = K2YS54Y629;
				GENERATE_INFOPLIST_FILE = YES;
				IPHONEOS_DEPLOYMENT_TARGET = 17.0;
				MARKETING_VERSION = 1.0;
				PRODUCT_BUNDLE_IDENTIFIER = me.MovieAppTests;
				PRODUCT_NAME = "$(TARGET_NAME)";
				SWIFT_EMIT_LOC_STRINGS = NO;
				SWIFT_VERSION = 5.0;
				TARGETED_DEVICE_FAMILY = "1,2";
				TEST_HOST = "$(BUILT_PRODUCTS_DIR)/MovieApp.app/$(BUNDLE_EXECUTABLE_FOLDER_PATH)/MovieApp";
			};
			name = Release;
		};
		B029DE9D2BF2010E006EC711 /* Debug */ = {
			isa = XCBuildConfiguration;
			buildSettings = {
				ALWAYS_EMBED_SWIFT_STANDARD_LIBRARIES = YES;
				CODE_SIGN_STYLE = Automatic;
				CURRENT_PROJECT_VERSION = 1;
				DEVELOPMENT_TEAM = K2YS54Y629;
				GENERATE_INFOPLIST_FILE = YES;
				MARKETING_VERSION = 1.0;
				PRODUCT_BUNDLE_IDENTIFIER = me.MovieAppUITests;
				PRODUCT_NAME = "$(TARGET_NAME)";
				SWIFT_EMIT_LOC_STRINGS = NO;
				SWIFT_VERSION = 5.0;
				TARGETED_DEVICE_FAMILY = "1,2";
				TEST_TARGET_NAME = MovieApp;
			};
			name = Debug;
		};
		B029DE9E2BF2010E006EC711 /* Release */ = {
			isa = XCBuildConfiguration;
			buildSettings = {
				ALWAYS_EMBED_SWIFT_STANDARD_LIBRARIES = YES;
				CODE_SIGN_STYLE = Automatic;
				CURRENT_PROJECT_VERSION = 1;
				DEVELOPMENT_TEAM = K2YS54Y629;
				GENERATE_INFOPLIST_FILE = YES;
				MARKETING_VERSION = 1.0;
				PRODUCT_BUNDLE_IDENTIFIER = me.MovieAppUITests;
				PRODUCT_NAME = "$(TARGET_NAME)";
				SWIFT_EMIT_LOC_STRINGS = NO;
				SWIFT_VERSION = 5.0;
				TARGETED_DEVICE_FAMILY = "1,2";
				TEST_TARGET_NAME = MovieApp;
			};
			name = Release;
		};
/* End XCBuildConfiguration section */

/* Begin XCConfigurationList section */
		B029DE672BF2010B006EC711 /* Build configuration list for PBXProject "MovieApp" */ = {
			isa = XCConfigurationList;
			buildConfigurations = (
				B029DE942BF2010E006EC711 /* Debug */,
				B029DE952BF2010E006EC711 /* Release */,
			);
			defaultConfigurationIsVisible = 0;
			defaultConfigurationName = Release;
		};
		B029DE962BF2010E006EC711 /* Build configuration list for PBXNativeTarget "MovieApp" */ = {
			isa = XCConfigurationList;
			buildConfigurations = (
				B029DE972BF2010E006EC711 /* Debug */,
				B029DE982BF2010E006EC711 /* Release */,
			);
			defaultConfigurationIsVisible = 0;
			defaultConfigurationName = Release;
		};
		B029DE992BF2010E006EC711 /* Build configuration list for PBXNativeTarget "MovieAppTests" */ = {
			isa = XCConfigurationList;
			buildConfigurations = (
				B029DE9A2BF2010E006EC711 /* Debug */,
				B029DE9B2BF2010E006EC711 /* Release */,
			);
			defaultConfigurationIsVisible = 0;
			defaultConfigurationName = Release;
		};
		B029DE9C2BF2010E006EC711 /* Build configuration list for PBXNativeTarget "MovieAppUITests" */ = {
			isa = XCConfigurationList;
			buildConfigurations = (
				B029DE9D2BF2010E006EC711 /* Debug */,
				B029DE9E2BF2010E006EC711 /* Release */,
			);
			defaultConfigurationIsVisible = 0;
			defaultConfigurationName = Release;
		};
/* End XCConfigurationList section */
	};
	rootObject = B029DE642BF2010B006EC711 /* Project object */;
}
